Microsoft Visual Studio Solution File, Format Version 12.00
# Visual Studio Version 17
VisualStudioVersion = 17.5.2.0
MinimumVisualStudioVersion = 10.0.40219.1
Project("{FAE04EC0-301F-11D3-BF4B-00C04F79EFBC}") = "VID11", "VID11\VID11.csproj", "{BEBB5D3E-4152-4F37-B633-37F8C755BA0A}"
EndProject
Project("{FAE04EC0-301F-11D3-BF4B-00C04F79EFBC}") = "VID08", "VID08\VID08.csproj", "{038C7408-1E22-21E6-DA01-0344E9CCE8EB}"
EndProject
Project("{FAE04EC0-301F-11D3-BF4B-00C04F79EFBC}") = "VID01", "VID01\VID01.csproj", "{D1A2F09A-C779-2576-90DA-E672475E8838}"
EndProject
Project("{FAE04EC0-301F-11D3-BF4B-00C04F79EFBC}") = "VID12", "VID12\VID12.csproj", "{751634DD-DAF0-4B2B-77A6-B0BBC27FF40A}"
EndProject
Project("{FAE04EC0-301F-11D3-BF4B-00C04F79EFBC}") = "VID10", "VID10\VID10.csproj", "{3CDB50C2-7F4B-1889-DDBF-34473D4B8A44}"
EndProject
Project("{FAE04EC0-301F-11D3-BF4B-00C04F79EFBC}") = "VID09", "VID09\VID09.csproj", "{6429D398-C48B-9550-CD21-734FCE8D254F}"
EndProject
Project("{FAE04EC0-301F-11D3-BF4B-00C04F79EFBC}") = "VID13", "VID13\VID13.csproj", "{F1F9E414-C649-83E3-72D4-565D6A3CEB36}"
EndProject
Project("{FAE04EC0-301F-11D3-BF4B-00C04F79EFBC}") = "VID14", "VID14\VID14.csproj", "{E93C5F2B-7BA1-E621-9F69-874B457D3FC3}"
EndProject
Project("{FAE04EC0-301F-11D3-BF4B-00C04F79EFBC}") = "VID03", "VID03\VID03.csproj", "{41D6F315-093C-5371-BD3F-F0CE7705F1D9}"
EndProject
Project("{FAE04EC0-301F-11D3-BF4B-00C04F79EFBC}") = "VID02", "VID02\VID02.csproj", "{C18369F4-C52F-0609-E67A-D26ECF292D8C}"
EndProject
Project("{FAE04EC0-301F-11D3-BF4B-00C04F79EFBC}") = "VID07", "VID07\VID07.csproj", "{FD4B28EF-F38D-5F70-F311-3AA10CAEDDFC}"
EndProject
Project("{FAE04EC0-301F-11D3-BF4B-00C04F79EFBC}") = "VID04", "VID04\VID04.csproj", "{EDDD9AEE-8AFE-CE80-780F-D7BB6A8C5026}"
EndProject
Project("{FAE04EC0-301F-11D3-BF4B-00C04F79EFBC}") = "VID06", "VID06\VID06.csproj", "{F1248FC5-6A7A-E695-76C8-A575668BBAF6}"
EndProject
Project("{FAE04EC0-301F-11D3-BF4B-00C04F79EFBC}") = "VID05", "VID05\VID05.csproj", "{5E1750BA-4280-249C-CAB4-46E916BE8A07}"
EndProject
Global
	GlobalSection(SolutionConfigurationPlatforms) = preSolution
		Debug|Any CPU = Debug|Any CPU
		Release|Any CPU = Release|Any CPU
	EndGlobalSection
	GlobalSection(ProjectConfigurationPlatforms) = postSolution
		{BEBB5D3E-4152-4F37-B633-37F8C755BA0A}.Debug|Any CPU.ActiveCfg = Debug|Any CPU
		{BEBB5D3E-4152-4F37-B633-37F8C755BA0A}.Debug|Any CPU.Build.0 = Debug|Any CPU
		{BEBB5D3E-4152-4F37-B633-37F8C755BA0A}.Release|Any CPU.ActiveCfg = Release|Any CPU
		{BEBB5D3E-4152-4F37-B633-37F8C755BA0A}.Release|Any CPU.Build.0 = Release|Any CPU
		{038C7408-1E22-21E6-DA01-0344E9CCE8EB}.Debug|Any CPU.ActiveCfg = Debug|Any CPU
		{038C7408-1E22-21E6-DA01-0344E9CCE8EB}.Debug|Any CPU.Build.0 = Debug|Any CPU
		{038C7408-1E22-21E6-DA01-0344E9CCE8EB}.Release|Any CPU.ActiveCfg = Release|Any CPU
		{038C7408-1E22-21E6-DA01-0344E9CCE8EB}.Release|Any CPU.Build.0 = Release|Any CPU
		{D1A2F09A-C779-2576-90DA-E672475E8838}.Debug|Any CPU.ActiveCfg = Debug|Any CPU
		{D1A2F09A-C779-2576-90DA-E672475E8838}.Debug|Any CPU.Build.0 = Debug|Any CPU
		{D1A2F09A-C779-2576-90DA-E672475E8838}.Release|Any CPU.ActiveCfg = Release|Any CPU
		{D1A2F09A-C779-2576-90DA-E672475E8838}.Release|Any CPU.Build.0 = Release|Any CPU
		{751634DD-DAF0-4B2B-77A6-B0BBC27FF40A}.Debug|Any CPU.ActiveCfg = Debug|Any CPU
		{751634DD-DAF0-4B2B-77A6-B0BBC27FF40A}.Debug|Any CPU.Build.0 = Debug|Any CPU
		{751634DD-DAF0-4B2B-77A6-B0BBC27FF40A}.Release|Any CPU.ActiveCfg = Release|Any CPU
		{751634DD-DAF0-4B2B-77A6-B0BBC27FF40A}.Release|Any CPU.Build.0 = Release|Any CPU
		{3CDB50C2-7F4B-1889-DDBF-34473D4B8A44}.Debug|Any CPU.ActiveCfg = Debug|Any CPU
		{3CDB50C2-7F4B-1889-DDBF-34473D4B8A44}.Debug|Any CPU.Build.0 = Debug|Any CPU
		{3CDB50C2-7F4B-1889-DDBF-34473D4B8A44}.Release|Any CPU.ActiveCfg = Release|Any CPU
		{3CDB50C2-7F4B-1889-DDBF-34473D4B8A44}.Release|Any CPU.Build.0 = Release|Any CPU
		{6429D398-C48B-9550-CD21-734FCE8D254F}.Debug|Any CPU.ActiveCfg = Debug|Any CPU
		{6429D398-C48B-9550-CD21-734FCE8D254F}.Debug|Any CPU.Build.0 = Debug|Any CPU
		{6429D398-C48B-9550-CD21-734FCE8D254F}.Release|Any CPU.ActiveCfg = Release|Any CPU
		{6429D398-C48B-9550-CD21-734FCE8D254F}.Release|Any CPU.Build.0 = Release|Any CPU
		{F1F9E414-C649-83E3-72D4-565D6A3CEB36}.Debug|Any CPU.ActiveCfg = Debug|Any CPU
		{F1F9E414-C649-83E3-72D4-565D6A3CEB36}.Debug|Any CPU.Build.0 = Debug|Any CPU
		{F1F9E414-C649-83E3-72D4-565D6A3CEB36}.Release|Any CPU.ActiveCfg = Release|Any CPU
		{F1F9E414-C649-83E3-72D4-565D6A3CEB36}.Release|Any CPU.Build.0 = Release|Any CPU
		{E93C5F2B-7BA1-E621-9F69-874B457D3FC3}.Debug|Any CPU.ActiveCfg = Debug|Any CPU
		{E93C5F2B-7BA1-E621-9F69-874B457D3FC3}.Debug|Any CPU.Build.0 = Debug|Any CPU
		{E93C5F2B-7BA1-E621-9F69-874B457D3FC3}.Release|Any CPU.ActiveCfg = Release|Any CPU
		{E93C5F2B-7BA1-E621-9F69-874B457D3FC3}.Release|Any CPU.Build.0 = Release|Any CPU
		{41D6F315-093C-5371-BD3F-F0CE7705F1D9}.Debug|Any CPU.ActiveCfg = Debug|Any CPU
		{41D6F315-093C-5371-BD3F-F0CE7705F1D9}.Debug|Any CPU.Build.0 = Debug|Any CPU
		{41D6F315-093C-5371-BD3F-F0CE7705F1D9}.Release|Any CPU.ActiveCfg = Release|Any CPU
		{41D6F315-093C-5371-BD3F-F0CE7705F1D9}.Release|Any CPU.Build.0 = Release|Any CPU
		{C18369F4-C52F-0609-E67A-D26ECF292D8C}.Debug|Any CPU.ActiveCfg = Debug|Any CPU
		{C18369F4-C52F-0609-E67A-D26ECF292D8C}.Debug|Any CPU.Build.0 = Debug|Any CPU
		{C18369F4-C52F-0609-E67A-D26ECF292D8C}.Release|Any CPU.ActiveCfg = Release|Any CPU
		{C18369F4-C52F-0609-E67A-D26ECF292D8C}.Release|Any CPU.Build.0 = Release|Any CPU
		{FD4B28EF-F38D-5F70-F311-3AA10CAEDDFC}.Debug|Any CPU.ActiveCfg = Debug|Any CPU
		{FD4B28EF-F38D-5F70-F311-3AA10CAEDDFC}.Debug|Any CPU.Build.0 = Debug|Any CPU
		{FD4B28EF-F38D-5F70-F311-3AA10CAEDDFC}.Release|Any CPU.ActiveCfg = Release|Any CPU
		{FD4B28EF-F38D-5F70-F311-3AA10CAEDDFC}.Release|Any CPU.Build.0 = Release|Any CPU
		{EDDD9AEE-8AFE-CE80-780F-D7BB6A8C5026}.Debug|Any CPU.ActiveCfg = Debug|Any CPU
		{EDDD9AEE-8AFE-CE80-780F-D7BB6A8C5026}.Debug|Any CPU.Build.0 = Debug|Any CPU
		{EDDD9AEE-8AFE-CE80-780F-D7BB6A8C5026}.Release|Any CPU.ActiveCfg = Release|Any CPU
		{EDDD9AEE-8AFE-CE80-780F-D7BB6A8C5026}.Release|Any CPU.Build.0 = Release|Any CPU
		{F1248FC5-6A7A-E695-76C8-A575668BBAF6}.Debug|Any CPU.ActiveCfg = Debug|Any CPU
		{F1248FC5-6A7A-E695-76C8-A575668BBAF6}.Debug|Any CPU.Build.0 = Debug|Any CPU
		{F1248FC5-6A7A-E695-76C8-A575668BBAF6}.Release|Any CPU.ActiveCfg = Release|Any CPU
		{F1248FC5-6A7A-E695-76C8-A575668BBAF6}.Release|Any CPU.Build.0 = Release|Any CPU
		{5E1750BA-4280-249C-CAB4-46E916BE8A07}.Debug|Any CPU.ActiveCfg = Debug|Any CPU
		{5E1750BA-4280-249C-CAB4-46E916BE8A07}.Debug|Any CPU.Build.0 = Debug|Any CPU
		{5E1750BA-4280-249C-CAB4-46E916BE8A07}.Release|Any CPU.ActiveCfg = Release|Any CPU
		{5E1750BA-4280-249C-CAB4-46E916BE8A07}.Release|Any CPU.Build.0 = Release|Any CPU
	EndGlobalSection
	GlobalSection(SolutionProperties) = preSolution
		HideSolutionNode = FALSE
	EndGlobalSection
	GlobalSection(ExtensibilityGlobals) = postSolution
		SolutionGuid = {21B109CE-D0C9-4C35-95F7-C71772FD1A4B}
	EndGlobalSection
EndGlobal
